
Microsoft Visual Studio Solution File, Format Version 12.00
# Visual Studio 15
VisualStudioVersion = 15.0.27130.2026
MinimumVisualStudioVersion = 10.0.40219.1
Project("{FAE04EC0-301F-11D3-BF4B-00C04F79EFBC}") = "PlanBox", "PlanBox\PlanBox.csproj", "{A3802E7A-F678-43CA-8649-9F3A24243F84}"
EndProject
Project("{FAE04EC0-301F-11D3-BF4B-00C04F79EFBC}") = "PlanBox.Tests", "PlanBox.Tests\PlanBox.Tests.csproj", "{4F3D2201-91F9-4D57-9D60-241266941287}"
EndProject
Global
	GlobalSection(SolutionConfigurationPlatforms) = preSolution
		Debug|Any CPU = Debug|Any CPU
		Release|Any CPU = Release|Any CPU
	EndGlobalSection
	GlobalSection(ProjectConfigurationPlatforms) = postSolution
		{A3802E7A-F678-43CA-8649-9F3A24243F84}.Debug|Any CPU.ActiveCfg = Debug|Any CPU
		{A3802E7A-F678-43CA-8649-9F3A24243F84}.Debug|Any CPU.Build.0 = Debug|Any CPU
		{A3802E7A-F678-43CA-8649-9F3A24243F84}.Release|Any CPU.ActiveCfg = Release|Any CPU
		{A3802E7A-F678-43CA-8649-9F3A24243F84}.Release|Any CPU.Build.0 = Release|Any CPU
		{4F3D2201-91F9-4D57-9D60-241266941287}.Debug|Any CPU.ActiveCfg = Debug|Any CPU
		{4F3D2201-91F9-4D57-9D60-241266941287}.Debug|Any CPU.Build.0 = Debug|Any CPU
		{4F3D2201-91F9-4D57-9D60-241266941287}.Release|Any CPU.ActiveCfg = Release|Any CPU
		{4F3D2201-91F9-4D57-9D60-241266941287}.Release|Any CPU.Build.0 = Release|Any CPU
	EndGlobalSection
	GlobalSection(SolutionProperties) = preSolution
		HideSolutionNode = FALSE
	EndGlobalSection
	GlobalSection(ExtensibilityGlobals) = postSolution
		SolutionGuid = {19F8D216-B02E-44DC-AE25-47F23625D49D}
	EndGlobalSection
EndGlobal
